// !$*UTF8*$!
{
	archiveVersion = 1;
	classes = {
	};
	objectVersion = 56;
	objects = {

/* Begin PBXBuildFile section */
		BC646535CBE397E3554A50DA /* Pods_CardGameAR.framework in Frameworks */ = {isa = PBXBuildFile; fileRef = 62F434960BF18295101EE0A0 /* Pods_CardGameAR.framework */; };
		F3020EE029F5927F0011F0CB /* AppDelegate.swift in Sources */ = {isa = PBXBuildFile; fileRef = F3020EDF29F5927F0011F0CB /* AppDelegate.swift */; };
		F3020EE229F5927F0011F0CB /* ViewController.swift in Sources */ = {isa = PBXBuildFile; fileRef = F3020EE129F5927F0011F0CB /* ViewController.swift */; };
		F3020EE429F5927F0011F0CB /* Experience.rcproject in Sources */ = {isa = PBXBuildFile; fileRef = F3020EE329F5927F0011F0CB /* Experience.rcproject */; };
		F3020EE929F592800011F0CB /* Assets.xcassets in Resources */ = {isa = PBXBuildFile; fileRef = F3020EE829F592800011F0CB /* Assets.xcassets */; };
		F3020EEC29F592800011F0CB /* LaunchScreen.storyboard in Resources */ = {isa = PBXBuildFile; fileRef = F3020EEA29F592800011F0CB /* LaunchScreen.storyboard */; };
		F35A49812A0BBFFC00635215 /* Playing_Cards_Standard.usdz in Resources */ = {isa = PBXBuildFile; fileRef = F35A49802A0BBFFC00635215 /* Playing_Cards_Standard.usdz */; };
		F35A49832A0BCA8600635215 /* PlayingCards.swift in Sources */ = {isa = PBXBuildFile; fileRef = F35A49822A0BCA8600635215 /* PlayingCards.swift */; };
/* End PBXBuildFile section */

/* Begin PBXFileReference section */
		34680C9C3B2487F0D2E7C3D0 /* Pods-CardGameAR.debug.xcconfig */ = {isa = PBXFileReference; includeInIndex = 1; lastKnownFileType = text.xcconfig; name = "Pods-CardGameAR.debug.xcconfig"; path = "Target Support Files/Pods-CardGameAR/Pods-CardGameAR.debug.xcconfig"; sourceTree = "<group>"; };
		585FB7BEACBEBB1974251C7F /* Pods-CardGameAR.release.xcconfig */ = {isa = PBXFileReference; includeInIndex = 1; lastKnownFileType = text.xcconfig; name = "Pods-CardGameAR.release.xcconfig"; path = "Target Support Files/Pods-CardGameAR/Pods-CardGameAR.release.xcconfig"; sourceTree = "<group>"; };
		62F434960BF18295101EE0A0 /* Pods_CardGameAR.framework */ = {isa = PBXFileReference; explicitFileType = wrapper.framework; includeInIndex = 0; path = Pods_CardGameAR.framework; sourceTree = BUILT_PRODUCTS_DIR; };
		F3020EDC29F5927F0011F0CB /* CardGameAR.app */ = {isa = PBXFileReference; explicitFileType = wrapper.application; includeInIndex = 0; path = CardGameAR.app; sourceTree = BUILT_PRODUCTS_DIR; };
		F3020EDF29F5927F0011F0CB /* AppDelegate.swift */ = {isa = PBXFileReference; lastKnownFileType = sourcecode.swift; path = AppDelegate.swift; sourceTree = "<group>"; };
		F3020EE129F5927F0011F0CB /* ViewController.swift */ = {isa = PBXFileReference; lastKnownFileType = sourcecode.swift; path = ViewController.swift; sourceTree = "<group>"; };
		F3020EE329F5927F0011F0CB /* Experience.rcproject */ = {isa = PBXFileReference; lastKnownFileType = file.rcproject; path = Experience.rcproject; sourceTree = "<group>"; };
		F3020EE829F592800011F0CB /* Assets.xcassets */ = {isa = PBXFileReference; lastKnownFileType = folder.assetcatalog; path = Assets.xcassets; sourceTree = "<group>"; };
		F3020EEB29F592800011F0CB /* Base */ = {isa = PBXFileReference; lastKnownFileType = file.storyboard; name = Base; path = Base.lproj/LaunchScreen.storyboard; sourceTree = "<group>"; };
		F35A49802A0BBFFC00635215 /* Playing_Cards_Standard.usdz */ = {isa = PBXFileReference; lastKnownFileType = file.usdz; path = Playing_Cards_Standard.usdz; sourceTree = "<group>"; };
		F35A49822A0BCA8600635215 /* PlayingCards.swift */ = {isa = PBXFileReference; lastKnownFileType = sourcecode.swift; path = PlayingCards.swift; sourceTree = "<group>"; };
/* End PBXFileReference section */

/* Begin PBXFrameworksBuildPhase section */
		F3020ED929F5927F0011F0CB /* Frameworks */ = {
			isa = PBXFrameworksBuildPhase;
			buildActionMask = 2147483647;
			files = (
				BC646535CBE397E3554A50DA /* Pods_CardGameAR.framework in Frameworks */,
			);
			runOnlyForDeploymentPostprocessing = 0;
		};
/* End PBXFrameworksBuildPhase section */

/* Begin PBXGroup section */
		38780F1C2FD3E770B176A416 /* Frameworks */ = {
			isa = PBXGroup;
			children = (
				62F434960BF18295101EE0A0 /* Pods_CardGameAR.framework */,
			);
			name = Frameworks;
			sourceTree = "<group>";
		};
		737724E9C2CA645857E591D6 /* Pods */ = {
			isa = PBXGroup;
			children = (
				34680C9C3B2487F0D2E7C3D0 /* Pods-CardGameAR.debug.xcconfig */,
				585FB7BEACBEBB1974251C7F /* Pods-CardGameAR.release.xcconfig */,
			);
			path = Pods;
			sourceTree = "<group>";
		};
		F3020ED329F5927F0011F0CB = {
			isa = PBXGroup;
			children = (
				F3020EDE29F5927F0011F0CB /* CardGameAR */,
				F3020EDD29F5927F0011F0CB /* Products */,
				737724E9C2CA645857E591D6 /* Pods */,
				38780F1C2FD3E770B176A416 /* Frameworks */,
			);
			sourceTree = "<group>";
		};
		F3020EDD29F5927F0011F0CB /* Products */ = {
			isa = PBXGroup;
			children = (
				F3020EDC29F5927F0011F0CB /* CardGameAR.app */,
			);
			name = Products;
			sourceTree = "<group>";
		};
		F3020EDE29F5927F0011F0CB /* CardGameAR */ = {
			isa = PBXGroup;
			children = (
				F3020EF229F5BAC70011F0CB /* Resources */,
				F3020EDF29F5927F0011F0CB /* AppDelegate.swift */,
				F3020EE129F5927F0011F0CB /* ViewController.swift */,
				F3020EE329F5927F0011F0CB /* Experience.rcproject */,
				F3020EE829F592800011F0CB /* Assets.xcassets */,
				F3020EEA29F592800011F0CB /* LaunchScreen.storyboard */,
				F35A49822A0BCA8600635215 /* PlayingCards.swift */,
			);
			path = CardGameAR;
			sourceTree = "<group>";
		};
		F3020EF229F5BAC70011F0CB /* Resources */ = {
			isa = PBXGroup;
			children = (
				F35A49802A0BBFFC00635215 /* Playing_Cards_Standard.usdz */,
			);
			path = Resources;
			sourceTree = "<group>";
		};
/* End PBXGroup section */

/* Begin PBXNativeTarget section */
		F3020EDB29F5927F0011F0CB /* CardGameAR */ = {
			isa = PBXNativeTarget;
			buildConfigurationList = F3020EEF29F592800011F0CB /* Build configuration list for PBXNativeTarget "CardGameAR" */;
			buildPhases = (
				48D2D61B68D8474FF1C66B4A /* [CP] Check Pods Manifest.lock */,
				F3020ED829F5927F0011F0CB /* Sources */,
				F3020ED929F5927F0011F0CB /* Frameworks */,
				F3020EDA29F5927F0011F0CB /* Resources */,
			);
			buildRules = (
			);
			dependencies = (
			);
			name = CardGameAR;
			productName = CardGameAR;
			productReference = F3020EDC29F5927F0011F0CB /* CardGameAR.app */;
			productType = "com.apple.product-type.application";
		};
/* End PBXNativeTarget section */

/* Begin PBXProject section */
		F3020ED429F5927F0011F0CB /* Project object */ = {
			isa = PBXProject;
			attributes = {
				BuildIndependentTargetsInParallel = 1;
				LastSwiftUpdateCheck = 1430;
				LastUpgradeCheck = 1430;
				TargetAttributes = {
					F3020EDB29F5927F0011F0CB = {
						CreatedOnToolsVersion = 14.3;
					};
				};
			};
			buildConfigurationList = F3020ED729F5927F0011F0CB /* Build configuration list for PBXProject "CardGameAR" */;
			compatibilityVersion = "Xcode 14.0";
			developmentRegion = en;
			hasScannedForEncodings = 0;
			knownRegions = (
				en,
				Base,
			);
			mainGroup = F3020ED329F5927F0011F0CB;
			productRefGroup = F3020EDD29F5927F0011F0CB /* Products */;
			projectDirPath = "";
			projectRoot = "";
			targets = (
				F3020EDB29F5927F0011F0CB /* CardGameAR */,
			);
		};
/* End PBXProject section */

/* Begin PBXResourcesBuildPhase section */
		F3020EDA29F5927F0011F0CB /* Resources */ = {
			isa = PBXResourcesBuildPhase;
			buildActionMask = 2147483647;
			files = (
				F3020EEC29F592800011F0CB /* LaunchScreen.storyboard in Resources */,
				F3020EE929F592800011F0CB /* Assets.xcassets in Resources */,
				F35A49812A0BBFFC00635215 /* Playing_Cards_Standard.usdz in Resources */,
			);
			runOnlyForDeploymentPostprocessing = 0;
		};
/* End PBXResourcesBuildPhase section */

/* Begin PBXShellScriptBuildPhase section */
		48D2D61B68D8474FF1C66B4A /* [CP] Check Pods Manifest.lock */ = {
			isa = PBXShellScriptBuildPhase;
			buildActionMask = 2147483647;
			files = (
			);
			inputFileListPaths = (
			);
			inputPaths = (
				"${PODS_PODFILE_DIR_PATH}/Podfile.lock",
				"${PODS_ROOT}/Manifest.lock",
			);
			name = "[CP] Check Pods Manifest.lock";
			outputFileListPaths = (
			);
			outputPaths = (
				"$(DERIVED_FILE_DIR)/Pods-CardGameAR-checkManifestLockResult.txt",
			);
			runOnlyForDeploymentPostprocessing = 0;
			shellPath = /bin/sh;
			shellScript = "diff \"${PODS_PODFILE_DIR_PATH}/Podfile.lock\" \"${PODS_ROOT}/Manifest.lock\" > /dev/null\nif [ $? != 0 ] ; then\n    # print error to STDERR\n    echo \"error: The sandbox is not in sync with the Podfile.lock. Run 'pod install' or update your CocoaPods installation.\" >&2\n    exit 1\nfi\n# This output is used by Xcode 'outputs' to avoid re-running this script phase.\necho \"SUCCESS\" > \"${SCRIPT_OUTPUT_FILE_0}\"\n";
			showEnvVarsInLog = 0;
		};
/* End PBXShellScriptBuildPhase section */

/* Begin PBXSourcesBuildPhase section */
		F3020ED829F5927F0011F0CB /* Sources */ = {
			isa = PBXSourcesBuildPhase;
			buildActionMask = 2147483647;
			files = (
				F3020EE229F5927F0011F0CB /* ViewController.swift in Sources */,
				F3020EE029F5927F0011F0CB /* AppDelegate.swift in Sources */,
				F35A49832A0BCA8600635215 /* PlayingCards.swift in Sources */,
				F3020EE429F5927F0011F0CB /* Experience.rcproject in Sources */,
			);
			runOnlyForDeploymentPostprocessing = 0;
		};
/* End PBXSourcesBuildPhase section */

/* Begin PBXVariantGroup section */
		F3020EEA29F592800011F0CB /* LaunchScreen.storyboard */ = {
			isa = PBXVariantGroup;
			children = (
				F3020EEB29F592800011F0CB /* Base */,
			);
			name = LaunchScreen.storyboard;
			sourceTree = "<group>";
		};
/* End PBXVariantGroup section */

/* Begin XCBuildConfiguration section */
		F3020EED29F592800011F0CB /* Debug */ = {
			isa = XCBuildConfiguration;
			buildSettings = {
				ALWAYS_SEARCH_USER_PATHS = NO;
				CLANG_ANALYZER_NONNULL = YES;
				CLANG_ANALYZER_NUMBER_OBJECT_CONVERSION = YES_AGGRESSIVE;
				CLANG_CXX_LANGUAGE_STANDARD = "gnu++20";
				CLANG_ENABLE_MODULES = YES;
				CLANG_ENABLE_OBJC_ARC = YES;
				CLANG_ENABLE_OBJC_WEAK = YES;
				CLANG_WARN_BLOCK_CAPTURE_AUTORELEASING = YES;
				CLANG_WARN_BOOL_CONVERSION = YES;
				CLANG_WARN_COMMA = YES;
				CLANG_WARN_CONSTANT_CONVERSION = YES;
				CLANG_WARN_DEPRECATED_OBJC_IMPLEMENTATIONS = YES;
				CLANG_WARN_DIRECT_OBJC_ISA_USAGE = YES_ERROR;
				CLANG_WARN_DOCUMENTATION_COMMENTS = YES;
				CLANG_WARN_EMPTY_BODY = YES;
				CLANG_WARN_ENUM_CONVERSION = YES;
				CLANG_WARN_INFINITE_RECURSION = YES;
				CLANG_WARN_INT_CONVERSION = YES;
				CLANG_WARN_NON_LITERAL_NULL_CONVERSION = YES;
				CLANG_WARN_OBJC_IMPLICIT_RETAIN_SELF = YES;
				CLANG_WARN_OBJC_LITERAL_CONVERSION = YES;
				CLANG_WARN_OBJC_ROOT_CLASS = YES_ERROR;
				CLANG_WARN_QUOTED_INCLUDE_IN_FRAMEWORK_HEADER = YES;
				CLANG_WARN_RANGE_LOOP_ANALYSIS = YES;
				CLANG_WARN_STRICT_PROTOTYPES = YES;
				CLANG_WARN_SUSPICIOUS_MOVE = YES;
				CLANG_WARN_UNGUARDED_AVAILABILITY = YES_AGGRESSIVE;
				CLANG_WARN_UNREACHABLE_CODE = YES;
				CLANG_WARN__DUPLICATE_METHOD_MATCH = YES;
				COPY_PHASE_STRIP = NO;
				DEBUG_INFORMATION_FORMAT = dwarf;
				ENABLE_STRICT_OBJC_MSGSEND = YES;
				ENABLE_TESTABILITY = YES;
				GCC_C_LANGUAGE_STANDARD = gnu11;
				GCC_DYNAMIC_NO_PIC = NO;
				GCC_NO_COMMON_BLOCKS = YES;
				GCC_OPTIMIZATION_LEVEL = 0;
				GCC_PREPROCESSOR_DEFINITIONS = (
					"DEBUG=1",
					"$(inherited)",
				);
				GCC_WARN_64_TO_32_BIT_CONVERSION = YES;
				GCC_WARN_ABOUT_RETURN_TYPE = YES_ERROR;
				GCC_WARN_UNDECLARED_SELECTOR = YES;
				GCC_WARN_UNINITIALIZED_AUTOS = YES_AGGRESSIVE;
				GCC_WARN_UNUSED_FUNCTION = YES;
				GCC_WARN_UNUSED_VARIABLE = YES;
				IPHONEOS_DEPLOYMENT_TARGET = 16.0;
				MTL_ENABLE_DEBUG_INFO = INCLUDE_SOURCE;
				MTL_FAST_MATH = YES;
				ONLY_ACTIVE_ARCH = YES;
				SDKROOT = iphoneos;
				SWIFT_ACTIVE_COMPILATION_CONDITIONS = DEBUG;
				SWIFT_OPTIMIZATION_LEVEL = "-Onone";
			};
			name = Debug;
		};
		F3020EEE29F592800011F0CB /* Release */ = {
			isa = XCBuildConfiguration;
			buildSettings = {
				ALWAYS_SEARCH_USER_PATHS = NO;
				CLANG_ANALYZER_NONNULL = YES;
				CLANG_ANALYZER_NUMBER_OBJECT_CONVERSION = YES_AGGRESSIVE;
				CLANG_CXX_LANGUAGE_STANDARD = "gnu++20";
				CLANG_ENABLE_MODULES = YES;
				CLANG_ENABLE_OBJC_ARC = YES;
				CLANG_ENABLE_OBJC_WEAK = YES;
				CLANG_WARN_BLOCK_CAPTURE_AUTORELEASING = YES;
				CLANG_WARN_BOOL_CONVERSION = YES;
				CLANG_WARN_COMMA = YES;
				CLANG_WARN_CONSTANT_CONVERSION = YES;
				CLANG_WARN_DEPRECATED_OBJC_IMPLEMENTATIONS = YES;
				CLANG_WARN_DIRECT_OBJC_ISA_USAGE = YES_ERROR;
				CLANG_WARN_DOCUMENTATION_COMMENTS = YES;
				CLANG_WARN_EMPTY_BODY = YES;
				CLANG_WARN_ENUM_CONVERSION = YES;
				CLANG_WARN_INFINITE_RECURSION = YES;
				CLANG_WARN_INT_CONVERSION = YES;
				CLANG_WARN_NON_LITERAL_NULL_CONVERSION = YES;
				CLANG_WARN_OBJC_IMPLICIT_RETAIN_SELF = YES;
				CLANG_WARN_OBJC_LITERAL_CONVERSION = YES;
				CLANG_WARN_OBJC_ROOT_CLASS = YES_ERROR;
				CLANG_WARN_QUOTED_INCLUDE_IN_FRAMEWORK_HEADER = YES;
				CLANG_WARN_RANGE_LOOP_ANALYSIS = YES;
				CLANG_WARN_STRICT_PROTOTYPES = YES;
				CLANG_WARN_SUSPICIOUS_MOVE = YES;
				CLANG_WARN_UNGUARDED_AVAILABILITY = YES_AGGRESSIVE;
				CLANG_WARN_UNREACHABLE_CODE = YES;
				CLANG_WARN__DUPLICATE_METHOD_MATCH = YES;
				COPY_PHASE_STRIP = NO;
				DEBUG_INFORMATION_FORMAT = "dwarf-with-dsym";
				ENABLE_NS_ASSERTIONS = NO;
				ENABLE_STRICT_OBJC_MSGSEND = YES;
				GCC_C_LANGUAGE_STANDARD = gnu11;
				GCC_NO_COMMON_BLOCKS = YES;
				GCC_WARN_64_TO_32_BIT_CONVERSION = YES;
				GCC_WARN_ABOUT_RETURN_TYPE = YES_ERROR;
				GCC_WARN_UNDECLARED_SELECTOR = YES;
				GCC_WARN_UNINITIALIZED_AUTOS = YES_AGGRESSIVE;
				GCC_WARN_UNUSED_FUNCTION = YES;
				GCC_WARN_UNUSED_VARIABLE = YES;
				IPHONEOS_DEPLOYMENT_TARGET = 16.0;
				MTL_ENABLE_DEBUG_INFO = NO;
				MTL_FAST_MATH = YES;
				SDKROOT = iphoneos;
				SWIFT_COMPILATION_MODE = wholemodule;
				SWIFT_OPTIMIZATION_LEVEL = "-O";
				VALIDATE_PRODUCT = YES;
			};
			name = Release;
		};
		F3020EF029F592800011F0CB /* Debug */ = {
			isa = XCBuildConfiguration;
			baseConfigurationReference = 34680C9C3B2487F0D2E7C3D0 /* Pods-CardGameAR.debug.xcconfig */;
			buildSettings = {
				ASSETCATALOG_COMPILER_APPICON_NAME = AppIcon;
				ASSETCATALOG_COMPILER_GLOBAL_ACCENT_COLOR_NAME = AccentColor;
				CODE_SIGN_STYLE = Automatic;
				CURRENT_PROJECT_VERSION = 1;
				DEVELOPMENT_TEAM = D89MCXTTT7;
				GENERATE_INFOPLIST_FILE = YES;
				INFOPLIST_KEY_NSCameraUsageDescription = "";
				INFOPLIST_KEY_UIApplicationSupportsIndirectInputEvents = YES;
				INFOPLIST_KEY_UILaunchStoryboardName = LaunchScreen;
				INFOPLIST_KEY_UIRequiredDeviceCapabilities = arkit;
				INFOPLIST_KEY_UIStatusBarHidden = YES;
				INFOPLIST_KEY_UISupportedInterfaceOrientations_iPad = "UIInterfaceOrientationPortrait UIInterfaceOrientationPortraitUpsideDown UIInterfaceOrientationLandscapeLeft UIInterfaceOrientationLandscapeRight";
				INFOPLIST_KEY_UISupportedInterfaceOrientations_iPhone = "UIInterfaceOrientationPortrait UIInterfaceOrientationLandscapeLeft UIInterfaceOrientationLandscapeRight";
				IPHONEOS_DEPLOYMENT_TARGET = 16.0;
				LD_RUNPATH_SEARCH_PATHS = (
					"$(inherited)",
					"@executable_path/Frameworks",
				);
				MARKETING_VERSION = 1.0;
				PRODUCT_BUNDLE_IDENTIFIER = "de.htw-berlin.cardgame-ar";
				PRODUCT_NAME = "$(TARGET_NAME)";
				SWIFT_EMIT_LOC_STRINGS = YES;
				SWIFT_VERSION = 5.0;
				TARGETED_DEVICE_FAMILY = "1,2";
			};
			name = Debug;
		};
		F3020EF129F592800011F0CB /* Release */ = {
			isa = XCBuildConfiguration;
			baseConfigurationReference = 585FB7BEACBEBB1974251C7F /* Pods-CardGameAR.release.xcconfig */;
			buildSettings = {
				ASSETCATALOG_COMPILER_APPICON_NAME = AppIcon;
				ASSETCATALOG_COMPILER_GLOBAL_ACCENT_COLOR_NAME = AccentColor;
				CODE_SIGN_STYLE = Automatic;
				CURRENT_PROJECT_VERSION = 1;
				DEVELOPMENT_TEAM = D89MCXTTT7;
				GENERATE_INFOPLIST_FILE = YES;
				INFOPLIST_KEY_NSCameraUsageDescription = "";
				INFOPLIST_KEY_UIApplicationSupportsIndirectInputEvents = YES;
				INFOPLIST_KEY_UILaunchStoryboardName = LaunchScreen;
				INFOPLIST_KEY_UIRequiredDeviceCapabilities = arkit;
				INFOPLIST_KEY_UIStatusBarHidden = YES;
				INFOPLIST_KEY_UISupportedInterfaceOrientations_iPad = "UIInterfaceOrientationPortrait UIInterfaceOrientationPortraitUpsideDown UIInterfaceOrientationLandscapeLeft UIInterfaceOrientationLandscapeRight";
				INFOPLIST_KEY_UISupportedInterfaceOrientations_iPhone = "UIInterfaceOrientationPortrait UIInterfaceOrientationLandscapeLeft UIInterfaceOrientationLandscapeRight";
				IPHONEOS_DEPLOYMENT_TARGET = 16.0;
				LD_RUNPATH_SEARCH_PATHS = (
					"$(inherited)",
					"@executable_path/Frameworks",
				);
				MARKETING_VERSION = 1.0;
				PRODUCT_BUNDLE_IDENTIFIER = "de.htw-berlin.cardgame-ar";
				PRODUCT_NAME = "$(TARGET_NAME)";
				SWIFT_EMIT_LOC_STRINGS = YES;
				SWIFT_VERSION = 5.0;
				TARGETED_DEVICE_FAMILY = "1,2";
			};
			name = Release;
		};
/* End XCBuildConfiguration section */

/* Begin XCConfigurationList section */
		F3020ED729F5927F0011F0CB /* Build configuration list for PBXProject "CardGameAR" */ = {
			isa = XCConfigurationList;
			buildConfigurations = (
				F3020EED29F592800011F0CB /* Debug */,
				F3020EEE29F592800011F0CB /* Release */,
			);
			defaultConfigurationIsVisible = 0;
			defaultConfigurationName = Release;
		};
		F3020EEF29F592800011F0CB /* Build configuration list for PBXNativeTarget "CardGameAR" */ = {
			isa = XCConfigurationList;
			buildConfigurations = (
				F3020EF029F592800011F0CB /* Debug */,
				F3020EF129F592800011F0CB /* Release */,
			);
			defaultConfigurationIsVisible = 0;
			defaultConfigurationName = Release;
		};
/* End XCConfigurationList section */
	};
	rootObject = F3020ED429F5927F0011F0CB /* Project object */;
}
